// !$*UTF8*$!
{
	archiveVersion = 1;
	classes = {
	};
	objectVersion = 50;
	objects = {

/* Begin PBXBuildFile section */
		9A423AE624B6625C003762EC /* ZoweSDK.swift in Sources */ = {isa = PBXBuildFile; fileRef = 9A423AE524B6625C003762EC /* ZoweSDK.swift */; };
		9A5EB59524BC74E100D45400 /* ZOSConsole.swift in Sources */ = {isa = PBXBuildFile; fileRef = 9A5EB59424BC74E100D45400 /* ZOSConsole.swift */; };
		9A5EB59724BC752300D45400 /* ZOSFiles.swift in Sources */ = {isa = PBXBuildFile; fileRef = 9A5EB59624BC752300D45400 /* ZOSFiles.swift */; };
		9A5EB59924BC755B00D45400 /* ZOSJobs.swift in Sources */ = {isa = PBXBuildFile; fileRef = 9A5EB59824BC755B00D45400 /* ZOSJobs.swift */; };
		9A5EB59B24BC759000D45400 /* ZOSTso.swift in Sources */ = {isa = PBXBuildFile; fileRef = 9A5EB59A24BC759000D45400 /* ZOSTso.swift */; };
		9A96170E24C066DF00820FD2 /* DeleteJobs.swift in Sources */ = {isa = PBXBuildFile; fileRef = 9A96170D24C066DF00820FD2 /* DeleteJobs.swift */; };
		9A96171024C068DA00820FD2 /* SubmitJobs.swift in Sources */ = {isa = PBXBuildFile; fileRef = 9A96170F24C068DA00820FD2 /* SubmitJobs.swift */; };
		9A96171224C0695400820FD2 /* GetJobs.swift in Sources */ = {isa = PBXBuildFile; fileRef = 9A96171124C0695400820FD2 /* GetJobs.swift */; };
		9A96171424C06BC600820FD2 /* ListJobs.swift in Sources */ = {isa = PBXBuildFile; fileRef = 9A96171324C06BC600820FD2 /* ListJobs.swift */; };
		9A96F08724BBC4DC0013E605 /* Zosmf.swift in Sources */ = {isa = PBXBuildFile; fileRef = 9A96F08624BBC4DC0013E605 /* Zosmf.swift */; };
		9A96F08924BBC55C0013E605 /* ZOSError.swift in Sources */ = {isa = PBXBuildFile; fileRef = 9A96F08824BBC55C0013E605 /* ZOSError.swift */; };
		9A96F08B24BBC5E80013E605 /* ZOSApi.swift in Sources */ = {isa = PBXBuildFile; fileRef = 9A96F08A24BBC5E80013E605 /* ZOSApi.swift */; };
		9A96F08D24BBC6220013E605 /* ZOSConnection.swift in Sources */ = {isa = PBXBuildFile; fileRef = 9A96F08C24BBC6220013E605 /* ZOSConnection.swift */; };
		9A96F08F24BBC67A0013E605 /* ZosmfProfile.swift in Sources */ = {isa = PBXBuildFile; fileRef = 9A96F08E24BBC67A0013E605 /* ZosmfProfile.swift */; };
		9A96F09124BBC6DA0013E605 /* ZOSRequestHandler.swift in Sources */ = {isa = PBXBuildFile; fileRef = 9A96F09024BBC6DA0013E605 /* ZOSRequestHandler.swift */; };
		9AE010A824BE547C0075B8DA /* CreateFiles.swift in Sources */ = {isa = PBXBuildFile; fileRef = 9AE010A724BE547C0075B8DA /* CreateFiles.swift */; };
		9AE010AC24BE554E0075B8DA /* DatasetTypes.swift in Sources */ = {isa = PBXBuildFile; fileRef = 9AE010AB24BE554E0075B8DA /* DatasetTypes.swift */; };
		9AE010AF24BE559C0075B8DA /* GetFiles.swift in Sources */ = {isa = PBXBuildFile; fileRef = 9AE010AE24BE559C0075B8DA /* GetFiles.swift */; };
		9AE010B224BE58210075B8DA /* ListFiles.swift in Sources */ = {isa = PBXBuildFile; fileRef = 9AE010B124BE58210075B8DA /* ListFiles.swift */; };
		9AE010B524BE589C0075B8DA /* DeleteFiles.swift in Sources */ = {isa = PBXBuildFile; fileRef = 9AE010B424BE589C0075B8DA /* DeleteFiles.swift */; };
		9AE010B824BE59330075B8DA /* WriteFiles.swift in Sources */ = {isa = PBXBuildFile; fileRef = 9AE010B724BE59330075B8DA /* WriteFiles.swift */; };
/* End PBXBuildFile section */

/* Begin PBXCopyFilesBuildPhase section */
		9A423AE024B6625C003762EC /* CopyFiles */ = {
			isa = PBXCopyFilesBuildPhase;
			buildActionMask = 2147483647;
			dstPath = "include/$(PRODUCT_NAME)";
			dstSubfolderSpec = 16;
			files = (
			);
			runOnlyForDeploymentPostprocessing = 0;
		};
/* End PBXCopyFilesBuildPhase section */

/* Begin PBXFileReference section */
		9A423AE224B6625C003762EC /* libzoweSDK.a */ = {isa = PBXFileReference; explicitFileType = archive.ar; includeInIndex = 0; path = libzoweSDK.a; sourceTree = BUILT_PRODUCTS_DIR; };
		9A423AE524B6625C003762EC /* ZoweSDK.swift */ = {isa = PBXFileReference; lastKnownFileType = sourcecode.swift; path = ZoweSDK.swift; sourceTree = "<group>"; };
		9A5EB59424BC74E100D45400 /* ZOSConsole.swift */ = {isa = PBXFileReference; lastKnownFileType = sourcecode.swift; path = ZOSConsole.swift; sourceTree = "<group>"; };
		9A5EB59624BC752300D45400 /* ZOSFiles.swift */ = {isa = PBXFileReference; lastKnownFileType = sourcecode.swift; path = ZOSFiles.swift; sourceTree = "<group>"; };
		9A5EB59824BC755B00D45400 /* ZOSJobs.swift */ = {isa = PBXFileReference; lastKnownFileType = sourcecode.swift; path = ZOSJobs.swift; sourceTree = "<group>"; };
		9A5EB59A24BC759000D45400 /* ZOSTso.swift */ = {isa = PBXFileReference; lastKnownFileType = sourcecode.swift; path = ZOSTso.swift; sourceTree = "<group>"; };
		9A96170D24C066DF00820FD2 /* DeleteJobs.swift */ = {isa = PBXFileReference; lastKnownFileType = sourcecode.swift; path = DeleteJobs.swift; sourceTree = "<group>"; };
		9A96170F24C068DA00820FD2 /* SubmitJobs.swift */ = {isa = PBXFileReference; lastKnownFileType = sourcecode.swift; path = SubmitJobs.swift; sourceTree = "<group>"; };
		9A96171124C0695400820FD2 /* GetJobs.swift */ = {isa = PBXFileReference; lastKnownFileType = sourcecode.swift; path = GetJobs.swift; sourceTree = "<group>"; };
		9A96171324C06BC600820FD2 /* ListJobs.swift */ = {isa = PBXFileReference; lastKnownFileType = sourcecode.swift; path = ListJobs.swift; sourceTree = "<group>"; };
		9A96F08624BBC4DC0013E605 /* Zosmf.swift */ = {isa = PBXFileReference; lastKnownFileType = sourcecode.swift; path = Zosmf.swift; sourceTree = "<group>"; };
		9A96F08824BBC55C0013E605 /* ZOSError.swift */ = {isa = PBXFileReference; lastKnownFileType = sourcecode.swift; path = ZOSError.swift; sourceTree = "<group>"; };
		9A96F08A24BBC5E80013E605 /* ZOSApi.swift */ = {isa = PBXFileReference; lastKnownFileType = sourcecode.swift; path = ZOSApi.swift; sourceTree = "<group>"; };
		9A96F08C24BBC6220013E605 /* ZOSConnection.swift */ = {isa = PBXFileReference; lastKnownFileType = sourcecode.swift; path = ZOSConnection.swift; sourceTree = "<group>"; };
		9A96F08E24BBC67A0013E605 /* ZosmfProfile.swift */ = {isa = PBXFileReference; lastKnownFileType = sourcecode.swift; path = ZosmfProfile.swift; sourceTree = "<group>"; };
		9A96F09024BBC6DA0013E605 /* ZOSRequestHandler.swift */ = {isa = PBXFileReference; lastKnownFileType = sourcecode.swift; path = ZOSRequestHandler.swift; sourceTree = "<group>"; };
		9AE010A724BE547C0075B8DA /* CreateFiles.swift */ = {isa = PBXFileReference; lastKnownFileType = sourcecode.swift; path = CreateFiles.swift; sourceTree = "<group>"; };
		9AE010AB24BE554E0075B8DA /* DatasetTypes.swift */ = {isa = PBXFileReference; lastKnownFileType = sourcecode.swift; path = DatasetTypes.swift; sourceTree = "<group>"; };
		9AE010AE24BE559C0075B8DA /* GetFiles.swift */ = {isa = PBXFileReference; lastKnownFileType = sourcecode.swift; path = GetFiles.swift; sourceTree = "<group>"; };
		9AE010B124BE58210075B8DA /* ListFiles.swift */ = {isa = PBXFileReference; lastKnownFileType = sourcecode.swift; path = ListFiles.swift; sourceTree = "<group>"; };
		9AE010B424BE589C0075B8DA /* DeleteFiles.swift */ = {isa = PBXFileReference; lastKnownFileType = sourcecode.swift; path = DeleteFiles.swift; sourceTree = "<group>"; };
		9AE010B724BE59330075B8DA /* WriteFiles.swift */ = {isa = PBXFileReference; lastKnownFileType = sourcecode.swift; path = WriteFiles.swift; sourceTree = "<group>"; };
/* End PBXFileReference section */

/* Begin PBXFrameworksBuildPhase section */
		9A423ADF24B6625C003762EC /* Frameworks */ = {
			isa = PBXFrameworksBuildPhase;
			buildActionMask = 2147483647;
			files = (
			);
			runOnlyForDeploymentPostprocessing = 0;
		};
/* End PBXFrameworksBuildPhase section */

/* Begin PBXGroup section */
		9A423AD924B6625C003762EC = {
			isa = PBXGroup;
			children = (
				9A423AE424B6625C003762EC /* zoweSDK */,
				9A423AE324B6625C003762EC /* Products */,
			);
			sourceTree = "<group>";
		};
		9A423AE324B6625C003762EC /* Products */ = {
			isa = PBXGroup;
			children = (
				9A423AE224B6625C003762EC /* libzoweSDK.a */,
			);
			name = Products;
			sourceTree = "<group>";
		};
		9A423AE424B6625C003762EC /* zoweSDK */ = {
			isa = PBXGroup;
			children = (
				9AE010AA24BE54D40075B8DA /* packages */,
				9A423AE524B6625C003762EC /* ZoweSDK.swift */,
			);
			path = zoweSDK;
			sourceTree = "<group>";
		};
		9A5EB59324BC73D600D45400 /* zosconsole */ = {
			isa = PBXGroup;
			children = (
				9A5EB59424BC74E100D45400 /* ZOSConsole.swift */,
			);
			path = zosconsole;
			sourceTree = "<group>";
		};
		9A96170824C0668E00820FD2 /* methods */ = {
			isa = PBXGroup;
			children = (
				9A96170C24C066C100820FD2 /* delete */,
				9A96170B24C066B800820FD2 /* get */,
				9A96170A24C066B300820FD2 /* list */,
				9A96170924C066A100820FD2 /* submit */,
			);
			path = methods;
			sourceTree = "<group>";
		};
		9A96170924C066A100820FD2 /* submit */ = {
			isa = PBXGroup;
			children = (
				9A96170F24C068DA00820FD2 /* SubmitJobs.swift */,
			);
			path = submit;
			sourceTree = "<group>";
		};
		9A96170A24C066B300820FD2 /* list */ = {
			isa = PBXGroup;
			children = (
				9A96171324C06BC600820FD2 /* ListJobs.swift */,
			);
			path = list;
			sourceTree = "<group>";
		};
		9A96170B24C066B800820FD2 /* get */ = {
			isa = PBXGroup;
			children = (
				9A96171124C0695400820FD2 /* GetJobs.swift */,
			);
			path = get;
			sourceTree = "<group>";
		};
		9A96170C24C066C100820FD2 /* delete */ = {
			isa = PBXGroup;
			children = (
				9A96170D24C066DF00820FD2 /* DeleteJobs.swift */,
			);
			path = delete;
			sourceTree = "<group>";
		};
		9A96171524C06E5900820FD2 /* src */ = {
			isa = PBXGroup;
			children = (
				9AE010A924BE54BA0075B8DA /* methods */,
			);
			path = src;
			sourceTree = "<group>";
		};
		9A96171624C06E6400820FD2 /* src */ = {
			isa = PBXGroup;
			children = (
				9A96170824C0668E00820FD2 /* methods */,
			);
			path = src;
			sourceTree = "<group>";
		};
		9A96171724C0901D00820FD2 /* src */ = {
			isa = PBXGroup;
			children = (
				9A96171824C0904600820FD2 /* methods */,
			);
			path = src;
			sourceTree = "<group>";
		};
		9A96171824C0904600820FD2 /* methods */ = {
			isa = PBXGroup;
			children = (
				9A96171924C0904D00820FD2 /* get */,
			);
			path = methods;
			sourceTree = "<group>";
		};
		9A96171924C0904D00820FD2 /* get */ = {
			isa = PBXGroup;
			children = (
				9A96F08624BBC4DC0013E605 /* Zosmf.swift */,
			);
			path = get;
			sourceTree = "<group>";
		};
		9ACE1F8224B664D200C72782 /* zosfiles */ = {
			isa = PBXGroup;
			children = (
				9A96171524C06E5900820FD2 /* src */,
				9A5EB59624BC752300D45400 /* ZOSFiles.swift */,
			);
			path = zosfiles;
			sourceTree = "<group>";
		};
		9ACE1F8324B664DD00C72782 /* zosjobs */ = {
			isa = PBXGroup;
			children = (
				9A96171624C06E6400820FD2 /* src */,
				9A5EB59824BC755B00D45400 /* ZOSJobs.swift */,
			);
			path = zosjobs;
			sourceTree = "<group>";
		};
		9ACE1F8424B664EC00C72782 /* zosmf */ = {
			isa = PBXGroup;
			children = (
				9A96171724C0901D00820FD2 /* src */,
			);
			path = zosmf;
			sourceTree = "<group>";
		};
		9ACE1F8524B6654700C72782 /* zostso */ = {
			isa = PBXGroup;
			children = (
				9A5EB59A24BC759000D45400 /* ZOSTso.swift */,
			);
			path = zostso;
			sourceTree = "<group>";
		};
		9ACE1F8624B6656900C72782 /* utilities */ = {
			isa = PBXGroup;
			children = (
				9A96F08A24BBC5E80013E605 /* ZOSApi.swift */,
				9A96F08C24BBC6220013E605 /* ZOSConnection.swift */,
				9A96F08824BBC55C0013E605 /* ZOSError.swift */,
				9A96F09024BBC6DA0013E605 /* ZOSRequestHandler.swift */,
				9A96F08E24BBC67A0013E605 /* ZosmfProfile.swift */,
			);
			path = utilities;
			sourceTree = "<group>";
		};
		9AE010A624BE54420075B8DA /* create */ = {
			isa = PBXGroup;
			children = (
				9AE010A724BE547C0075B8DA /* CreateFiles.swift */,
				9AE010AB24BE554E0075B8DA /* DatasetTypes.swift */,
			);
			path = create;
			sourceTree = "<group>";
		};
		9AE010A924BE54BA0075B8DA /* methods */ = {
			isa = PBXGroup;
			children = (
				9AE010A624BE54420075B8DA /* create */,
				9AE010B324BE58890075B8DA /* delete */,
				9AE010AD24BE55820075B8DA /* get */,
				9AE010B024BE58000075B8DA /* list */,
				9AE010B624BE590A0075B8DA /* write */,
			);
			path = methods;
			sourceTree = "<group>";
		};
		9AE010AA24BE54D40075B8DA /* packages */ = {
			isa = PBXGroup;
			children = (
				9A5EB59324BC73D600D45400 /* zosconsole */,
				9ACE1F8224B664D200C72782 /* zosfiles */,
				9ACE1F8324B664DD00C72782 /* zosjobs */,
				9ACE1F8524B6654700C72782 /* zostso */,
				9ACE1F8624B6656900C72782 /* utilities */,
				9ACE1F8424B664EC00C72782 /* zosmf */,
			);
			path = packages;
			sourceTree = "<group>";
		};
		9AE010AD24BE55820075B8DA /* get */ = {
			isa = PBXGroup;
			children = (
				9AE010AE24BE559C0075B8DA /* GetFiles.swift */,
			);
			path = get;
			sourceTree = "<group>";
		};
		9AE010B024BE58000075B8DA /* list */ = {
			isa = PBXGroup;
			children = (
				9AE010B124BE58210075B8DA /* ListFiles.swift */,
			);
			path = list;
			sourceTree = "<group>";
		};
		9AE010B324BE58890075B8DA /* delete */ = {
			isa = PBXGroup;
			children = (
				9AE010B424BE589C0075B8DA /* DeleteFiles.swift */,
			);
			path = delete;
			sourceTree = "<group>";
		};
		9AE010B624BE590A0075B8DA /* write */ = {
			isa = PBXGroup;
			children = (
				9AE010B724BE59330075B8DA /* WriteFiles.swift */,
			);
			path = write;
			sourceTree = "<group>";
		};
/* End PBXGroup section */

/* Begin PBXNativeTarget section */
		9A423AE124B6625C003762EC /* zoweSDK */ = {
			isa = PBXNativeTarget;
			buildConfigurationList = 9A423AE924B6625C003762EC /* Build configuration list for PBXNativeTarget "zoweSDK" */;
			buildPhases = (
				9A423ADE24B6625C003762EC /* Sources */,
				9A423ADF24B6625C003762EC /* Frameworks */,
				9A423AE024B6625C003762EC /* CopyFiles */,
			);
			buildRules = (
			);
			dependencies = (
			);
			name = zoweSDK;
			productName = zoweSDK;
			productReference = 9A423AE224B6625C003762EC /* libzoweSDK.a */;
			productType = "com.apple.product-type.library.static";
		};
/* End PBXNativeTarget section */

/* Begin PBXProject section */
		9A423ADA24B6625C003762EC /* Project object */ = {
			isa = PBXProject;
			attributes = {
				LastSwiftUpdateCheck = 1150;
				LastUpgradeCheck = 1150;
				ORGANIZATIONNAME = "Ishmael Pazniak";
				TargetAttributes = {
					9A423AE124B6625C003762EC = {
						CreatedOnToolsVersion = 11.5;
					};
				};
			};
			buildConfigurationList = 9A423ADD24B6625C003762EC /* Build configuration list for PBXProject "zoweSDK" */;
			compatibilityVersion = "Xcode 9.3";
			developmentRegion = en;
			hasScannedForEncodings = 0;
			knownRegions = (
				en,
				Base,
			);
			mainGroup = 9A423AD924B6625C003762EC;
			productRefGroup = 9A423AE324B6625C003762EC /* Products */;
			projectDirPath = "";
			projectRoot = "";
			targets = (
				9A423AE124B6625C003762EC /* zoweSDK */,
			);
		};
/* End PBXProject section */

/* Begin PBXSourcesBuildPhase section */
		9A423ADE24B6625C003762EC /* Sources */ = {
			isa = PBXSourcesBuildPhase;
			buildActionMask = 2147483647;
			files = (
				9A5EB59B24BC759000D45400 /* ZOSTso.swift in Sources */,
				9A96F08924BBC55C0013E605 /* ZOSError.swift in Sources */,
				9A96171024C068DA00820FD2 /* SubmitJobs.swift in Sources */,
				9A423AE624B6625C003762EC /* ZoweSDK.swift in Sources */,
				9AE010A824BE547C0075B8DA /* CreateFiles.swift in Sources */,
				9A5EB59724BC752300D45400 /* ZOSFiles.swift in Sources */,
				9A96F08B24BBC5E80013E605 /* ZOSApi.swift in Sources */,
				9A5EB59524BC74E100D45400 /* ZOSConsole.swift in Sources */,
				9AE010AC24BE554E0075B8DA /* DatasetTypes.swift in Sources */,
				9AE010B224BE58210075B8DA /* ListFiles.swift in Sources */,
				9A96F08724BBC4DC0013E605 /* Zosmf.swift in Sources */,
				9AE010B524BE589C0075B8DA /* DeleteFiles.swift in Sources */,
				9A96F09124BBC6DA0013E605 /* ZOSRequestHandler.swift in Sources */,
				9A96170E24C066DF00820FD2 /* DeleteJobs.swift in Sources */,
				9A96171224C0695400820FD2 /* GetJobs.swift in Sources */,
				9AE010AF24BE559C0075B8DA /* GetFiles.swift in Sources */,
				9AE010B824BE59330075B8DA /* WriteFiles.swift in Sources */,
				9A5EB59924BC755B00D45400 /* ZOSJobs.swift in Sources */,
				9A96F08D24BBC6220013E605 /* ZOSConnection.swift in Sources */,
				9A96F08F24BBC67A0013E605 /* ZosmfProfile.swift in Sources */,
				9A96171424C06BC600820FD2 /* ListJobs.swift in Sources */,
			);
			runOnlyForDeploymentPostprocessing = 0;
		};
/* End PBXSourcesBuildPhase section */

/* Begin XCBuildConfiguration section */
		9A423AE724B6625C003762EC /* Debug */ = {
			isa = XCBuildConfiguration;
			buildSettings = {
				ALWAYS_SEARCH_USER_PATHS = NO;
				CLANG_ANALYZER_NONNULL = YES;
				CLANG_ANALYZER_NUMBER_OBJECT_CONVERSION = YES_AGGRESSIVE;
				CLANG_CXX_LANGUAGE_STANDARD = "gnu++14";
				CLANG_CXX_LIBRARY = "libc++";
				CLANG_ENABLE_MODULES = YES;
				CLANG_ENABLE_OBJC_ARC = YES;
				CLANG_ENABLE_OBJC_WEAK = YES;
				CLANG_WARN_BLOCK_CAPTURE_AUTORELEASING = YES;
				CLANG_WARN_BOOL_CONVERSION = YES;
				CLANG_WARN_COMMA = YES;
				CLANG_WARN_CONSTANT_CONVERSION = YES;
				CLANG_WARN_DEPRECATED_OBJC_IMPLEMENTATIONS = YES;
				CLANG_WARN_DIRECT_OBJC_ISA_USAGE = YES_ERROR;
				CLANG_WARN_DOCUMENTATION_COMMENTS = YES;
				CLANG_WARN_EMPTY_BODY = YES;
				CLANG_WARN_ENUM_CONVERSION = YES;
				CLANG_WARN_INFINITE_RECURSION = YES;
				CLANG_WARN_INT_CONVERSION = YES;
				CLANG_WARN_NON_LITERAL_NULL_CONVERSION = YES;
				CLANG_WARN_OBJC_IMPLICIT_RETAIN_SELF = YES;
				CLANG_WARN_OBJC_LITERAL_CONVERSION = YES;
				CLANG_WARN_OBJC_ROOT_CLASS = YES_ERROR;
				CLANG_WARN_RANGE_LOOP_ANALYSIS = YES;
				CLANG_WARN_STRICT_PROTOTYPES = YES;
				CLANG_WARN_SUSPICIOUS_MOVE = YES;
				CLANG_WARN_UNGUARDED_AVAILABILITY = YES_AGGRESSIVE;
				CLANG_WARN_UNREACHABLE_CODE = YES;
				CLANG_WARN__DUPLICATE_METHOD_MATCH = YES;
				COPY_PHASE_STRIP = NO;
				DEBUG_INFORMATION_FORMAT = dwarf;
				ENABLE_STRICT_OBJC_MSGSEND = YES;
				ENABLE_TESTABILITY = YES;
				GCC_C_LANGUAGE_STANDARD = gnu11;
				GCC_DYNAMIC_NO_PIC = NO;
				GCC_NO_COMMON_BLOCKS = YES;
				GCC_OPTIMIZATION_LEVEL = 0;
				GCC_PREPROCESSOR_DEFINITIONS = (
					"DEBUG=1",
					"$(inherited)",
				);
				GCC_WARN_64_TO_32_BIT_CONVERSION = YES;
				GCC_WARN_ABOUT_RETURN_TYPE = YES_ERROR;
				GCC_WARN_UNDECLARED_SELECTOR = YES;
				GCC_WARN_UNINITIALIZED_AUTOS = YES_AGGRESSIVE;
				GCC_WARN_UNUSED_FUNCTION = YES;
				GCC_WARN_UNUSED_VARIABLE = YES;
				IPHONEOS_DEPLOYMENT_TARGET = 13.5;
				MTL_ENABLE_DEBUG_INFO = INCLUDE_SOURCE;
				MTL_FAST_MATH = YES;
				ONLY_ACTIVE_ARCH = YES;
				SDKROOT = iphoneos;
				SWIFT_ACTIVE_COMPILATION_CONDITIONS = DEBUG;
				SWIFT_OPTIMIZATION_LEVEL = "-Onone";
			};
			name = Debug;
		};
		9A423AE824B6625C003762EC /* Release */ = {
			isa = XCBuildConfiguration;
			buildSettings = {
				ALWAYS_SEARCH_USER_PATHS = NO;
				CLANG_ANALYZER_NONNULL = YES;
				CLANG_ANALYZER_NUMBER_OBJECT_CONVERSION = YES_AGGRESSIVE;
				CLANG_CXX_LANGUAGE_STANDARD = "gnu++14";
				CLANG_CXX_LIBRARY = "libc++";
				CLANG_ENABLE_MODULES = YES;
				CLANG_ENABLE_OBJC_ARC = YES;
				CLANG_ENABLE_OBJC_WEAK = YES;
				CLANG_WARN_BLOCK_CAPTURE_AUTORELEASING = YES;
				CLANG_WARN_BOOL_CONVERSION = YES;
				CLANG_WARN_COMMA = YES;
				CLANG_WARN_CONSTANT_CONVERSION = YES;
				CLANG_WARN_DEPRECATED_OBJC_IMPLEMENTATIONS = YES;
				CLANG_WARN_DIRECT_OBJC_ISA_USAGE = YES_ERROR;
				CLANG_WARN_DOCUMENTATION_COMMENTS = YES;
				CLANG_WARN_EMPTY_BODY = YES;
				CLANG_WARN_ENUM_CONVERSION = YES;
				CLANG_WARN_INFINITE_RECURSION = YES;
				CLANG_WARN_INT_CONVERSION = YES;
				CLANG_WARN_NON_LITERAL_NULL_CONVERSION = YES;
				CLANG_WARN_OBJC_IMPLICIT_RETAIN_SELF = YES;
				CLANG_WARN_OBJC_LITERAL_CONVERSION = YES;
				CLANG_WARN_OBJC_ROOT_CLASS = YES_ERROR;
				CLANG_WARN_RANGE_LOOP_ANALYSIS = YES;
				CLANG_WARN_STRICT_PROTOTYPES = YES;
				CLANG_WARN_SUSPICIOUS_MOVE = YES;
				CLANG_WARN_UNGUARDED_AVAILABILITY = YES_AGGRESSIVE;
				CLANG_WARN_UNREACHABLE_CODE = YES;
				CLANG_WARN__DUPLICATE_METHOD_MATCH = YES;
				COPY_PHASE_STRIP = NO;
				DEBUG_INFORMATION_FORMAT = "dwarf-with-dsym";
				ENABLE_NS_ASSERTIONS = NO;
				ENABLE_STRICT_OBJC_MSGSEND = YES;
				GCC_C_LANGUAGE_STANDARD = gnu11;
				GCC_NO_COMMON_BLOCKS = YES;
				GCC_WARN_64_TO_32_BIT_CONVERSION = YES;
				GCC_WARN_ABOUT_RETURN_TYPE = YES_ERROR;
				GCC_WARN_UNDECLARED_SELECTOR = YES;
				GCC_WARN_UNINITIALIZED_AUTOS = YES_AGGRESSIVE;
				GCC_WARN_UNUSED_FUNCTION = YES;
				GCC_WARN_UNUSED_VARIABLE = YES;
				IPHONEOS_DEPLOYMENT_TARGET = 13.5;
				MTL_ENABLE_DEBUG_INFO = NO;
				MTL_FAST_MATH = YES;
				SDKROOT = iphoneos;
				SWIFT_COMPILATION_MODE = wholemodule;
				SWIFT_OPTIMIZATION_LEVEL = "-O";
				VALIDATE_PRODUCT = YES;
			};
			name = Release;
		};
		9A423AEA24B6625C003762EC /* Debug */ = {
			isa = XCBuildConfiguration;
			buildSettings = {
				CODE_SIGN_STYLE = Automatic;
				OTHER_LDFLAGS = "-ObjC";
				PRODUCT_NAME = "$(TARGET_NAME)";
				SKIP_INSTALL = YES;
				SWIFT_VERSION = 5.0;
				TARGETED_DEVICE_FAMILY = "1,2";
			};
			name = Debug;
		};
		9A423AEB24B6625C003762EC /* Release */ = {
			isa = XCBuildConfiguration;
			buildSettings = {
				CODE_SIGN_STYLE = Automatic;
				OTHER_LDFLAGS = "-ObjC";
				PRODUCT_NAME = "$(TARGET_NAME)";
				SKIP_INSTALL = YES;
				SWIFT_VERSION = 5.0;
				TARGETED_DEVICE_FAMILY = "1,2";
			};
			name = Release;
		};
/* End XCBuildConfiguration section */

/* Begin XCConfigurationList section */
		9A423ADD24B6625C003762EC /* Build configuration list for PBXProject "zoweSDK" */ = {
			isa = XCConfigurationList;
			buildConfigurations = (
				9A423AE724B6625C003762EC /* Debug */,
				9A423AE824B6625C003762EC /* Release */,
			);
			defaultConfigurationIsVisible = 0;
			defaultConfigurationName = Release;
		};
		9A423AE924B6625C003762EC /* Build configuration list for PBXNativeTarget "zoweSDK" */ = {
			isa = XCConfigurationList;
			buildConfigurations = (
				9A423AEA24B6625C003762EC /* Debug */,
				9A423AEB24B6625C003762EC /* Release */,
			);
			defaultConfigurationIsVisible = 0;
			defaultConfigurationName = Release;
		};
/* End XCConfigurationList section */
	};
	rootObject = 9A423ADA24B6625C003762EC /* Project object */;
}
